
Microsoft Visual Studio Solution File, Format Version 12.00
# Visual Studio Version 16
VisualStudioVersion = 16.0.29318.209
MinimumVisualStudioVersion = 10.0.40219.1
Project("{9A19103F-16F7-4668-BE54-9A1E7A4F7556}") = "21s", "21s\21s.csproj", "{34C21BB1-D723-469D-878C-5D7F2C706F1F}"
EndProject
Project("{9A19103F-16F7-4668-BE54-9A1E7A4F7556}") = "21s.Tests", "21s.Tests\21s.Tests.csproj", "{16165EA2-2CFA-43F9-A2CE-A99F0A862D69}"
EndProject
Project("{9A19103F-16F7-4668-BE54-9A1E7A4F7556}") = "21sConsoleGame", "21sConsoleGame\21sConsoleGame.csproj", "{7240777E-646C-40B6-BBC2-805943937BF9}"
EndProject
Global
	GlobalSection(SolutionConfigurationPlatforms) = preSolution
		Debug|Any CPU = Debug|Any CPU
		Release|Any CPU = Release|Any CPU
	EndGlobalSection
	GlobalSection(ProjectConfigurationPlatforms) = postSolution
		{34C21BB1-D723-469D-878C-5D7F2C706F1F}.Debug|Any CPU.ActiveCfg = Debug|Any CPU
		{34C21BB1-D723-469D-878C-5D7F2C706F1F}.Debug|Any CPU.Build.0 = Debug|Any CPU
		{34C21BB1-D723-469D-878C-5D7F2C706F1F}.Release|Any CPU.ActiveCfg = Release|Any CPU
		{34C21BB1-D723-469D-878C-5D7F2C706F1F}.Release|Any CPU.Build.0 = Release|Any CPU
		{16165EA2-2CFA-43F9-A2CE-A99F0A862D69}.Debug|Any CPU.ActiveCfg = Debug|Any CPU
		{16165EA2-2CFA-43F9-A2CE-A99F0A862D69}.Debug|Any CPU.Build.0 = Debug|Any CPU
		{16165EA2-2CFA-43F9-A2CE-A99F0A862D69}.Release|Any CPU.ActiveCfg = Release|Any CPU
		{16165EA2-2CFA-43F9-A2CE-A99F0A862D69}.Release|Any CPU.Build.0 = Release|Any CPU
		{7240777E-646C-40B6-BBC2-805943937BF9}.Debug|Any CPU.ActiveCfg = Debug|Any CPU
		{7240777E-646C-40B6-BBC2-805943937BF9}.Debug|Any CPU.Build.0 = Debug|Any CPU
		{7240777E-646C-40B6-BBC2-805943937BF9}.Release|Any CPU.ActiveCfg = Release|Any CPU
		{7240777E-646C-40B6-BBC2-805943937BF9}.Release|Any CPU.Build.0 = Release|Any CPU
	EndGlobalSection
	GlobalSection(SolutionProperties) = preSolution
		HideSolutionNode = FALSE
	EndGlobalSection
	GlobalSection(ExtensibilityGlobals) = postSolution
		SolutionGuid = {A59C8AF6-F031-44FC-AA07-A01F47991ABC}
	EndGlobalSection
EndGlobal
